// !$*UTF8*$!
{
	archiveVersion = 1;
	classes = {
	};
	objectVersion = 77;
	objects = {

/* Begin PBXFileSystemSynchronizedRootGroup section */
		AA10000000000000000000A1 /* HecongChatDemo */ = {
			isa = PBXFileSystemSynchronizedRootGroup;
			path = HecongChatDemo;
			sourceTree = "<group>";
		};
		AA10000000000000000000A9 /* ObjCInterop */ = {
			isa = PBXFileSystemSynchronizedRootGroup;
			path = ../ios-objc;
			sourceTree = "<group>";
		};
/* End PBXFileSystemSynchronizedRootGroup section */

/* Begin PBXFrameworksBuildPhase section */
		AA10000000000000000000B1 /* Frameworks */ = {
			isa = PBXFrameworksBuildPhase;
			buildActionMask = 2147483647;
			files = (
				AA10000000000000000000B2 /* HecongChatSDK in Frameworks */,
			);
			runOnlyForDeploymentPostprocessing = 0;
		};
/* End PBXFrameworksBuildPhase section */

/* Begin PBXBuildFile section */
		AA10000000000000000000B2 /* HecongChatSDK in Frameworks */ = {isa = PBXBuildFile; productRef = AA10000000000000000000C2 /* HecongChatSDK */; };
/* End PBXBuildFile section */

/* Begin PBXGroup section */
		AA10000000000000000000A0 = {
			isa = PBXGroup;
			children = (
				AA10000000000000000000A1 /* HecongChatDemo */,
				AA10000000000000000000A3 /* Products */,
			);
			sourceTree = "<group>";
		};
		AA10000000000000000000A3 /* Products */ = {
			isa = PBXGroup;
			children = (
				AA10000000000000000000A4 /* HecongChatDemo.app */,
			);
			name = Products;
			sourceTree = "<group>";
		};
/* End PBXGroup section */

/* Begin PBXNativeTarget section */
		AA10000000000000000000D1 /* HecongChatDemo */ = {
			isa = PBXNativeTarget;
			buildConfigurationList = AA10000000000000000000E1 /* Build configuration list for PBXNativeTarget "HecongChatDemo" */;
			buildPhases = (
				AA10000000000000000000B0 /* Sources */,
				AA10000000000000000000B1 /* Frameworks */,
				AA10000000000000000000B3 /* Resources */,
			);
			buildRules = (
			);
			dependencies = (
			);
			fileSystemSynchronizedGroups = (
				AA10000000000000000000A1 /* HecongChatDemo */,
				AA10000000000000000000A9 /* ObjCInterop */,
			);
			name = HecongChatDemo;
			packageProductDependencies = (
				AA10000000000000000000C2 /* HecongChatSDK */,
			);
			productName = HecongChatDemo;
			productReference = AA10000000000000000000A4 /* HecongChatDemo.app */;
			productType = "com.apple.product-type.application";
		};
/* End PBXNativeTarget section */

/* Begin PBXProject section */
		AA10000000000000000000F0 /* Project object */ = {
			isa = PBXProject;
			attributes = {
				BuildIndependentTargetsInParallel = 1;
				LastSwiftUpdateCheck = 1600;
				LastUpgradeCheck = 1600;
			};
			buildConfigurationList = AA10000000000000000000E0 /* Build configuration list for PBXProject "HecongChatDemo" */;
			compatibilityVersion = "Xcode 15.0";
			developmentRegion = "zh-Hans";
			hasScannedForEncodings = 0;
			knownRegions = (
				en,
				"zh-Hans",
				Base,
			);
			mainGroup = AA10000000000000000000A0;
			packageReferences = (
				AA10000000000000000000C1 /* XCRemoteSwiftPackageReference "hecong-ios-sdk" */,
			);
			productRefGroup = AA10000000000000000000A3 /* Products */;
			projectDirPath = "";
			projectRoot = "";
			targets = (
				AA10000000000000000000D1 /* HecongChatDemo */,
			);
		};
/* End PBXProject section */

/* Begin PBXResourcesBuildPhase section */
		AA10000000000000000000B3 /* Resources */ = {
			isa = PBXResourcesBuildPhase;
			buildActionMask = 2147483647;
			files = (
			);
			runOnlyForDeploymentPostprocessing = 0;
		};
/* End PBXResourcesBuildPhase section */

/* Begin PBXSourcesBuildPhase section */
		AA10000000000000000000B0 /* Sources */ = {
			isa = PBXSourcesBuildPhase;
			buildActionMask = 2147483647;
			files = (
			);
			runOnlyForDeploymentPostprocessing = 0;
		};
/* End PBXSourcesBuildPhase section */

/* Begin XCBuildConfiguration section */
		AA10000000000000000000E2 /* Debug */ = {
			isa = XCBuildConfiguration;
			buildSettings = {
				ALWAYS_SEARCH_USER_PATHS = NO;
				CLANG_ENABLE_MODULES = YES;
				CLANG_ENABLE_OBJC_ARC = YES;
				DEBUG_INFORMATION_FORMAT = dwarf;
				ENABLE_TESTABILITY = YES;
				GCC_OPTIMIZATION_LEVEL = 0;
				GCC_PREPROCESSOR_DEFINITIONS = (
					"DEBUG=1",
					"$(inherited)",
				);
				IPHONEOS_DEPLOYMENT_TARGET = 13.0;
				ONLY_ACTIVE_ARCH = YES;
				SDKROOT = iphoneos;
				SWIFT_ACTIVE_COMPILATION_CONDITIONS = DEBUG;
				SWIFT_OPTIMIZATION_LEVEL = "-Onone";
				SWIFT_VERSION = 5.0;
			};
			name = Debug;
		};
		AA10000000000000000000E3 /* Release */ = {
			isa = XCBuildConfiguration;
			buildSettings = {
				ALWAYS_SEARCH_USER_PATHS = NO;
				CLANG_ENABLE_MODULES = YES;
				CLANG_ENABLE_OBJC_ARC = YES;
				DEBUG_INFORMATION_FORMAT = "dwarf-with-dsym";
				IPHONEOS_DEPLOYMENT_TARGET = 13.0;
				SDKROOT = iphoneos;
				SWIFT_OPTIMIZATION_LEVEL = "-O";
				SWIFT_VERSION = 5.0;
				VALIDATE_PRODUCT = YES;
			};
			name = Release;
		};
		AA10000000000000000000E4 /* Debug */ = {
			isa = XCBuildConfiguration;
			buildSettings = {
				ASSETCATALOG_COMPILER_APPICON_NAME = AppIcon;
				CODE_SIGN_STYLE = Automatic;
				CURRENT_PROJECT_VERSION = 1;
				GENERATE_INFOPLIST_FILE = NO;
				INFOPLIST_FILE = Info.plist;
				LD_RUNPATH_SEARCH_PATHS = (
					"$(inherited)",
					"@executable_path/Frameworks",
				);
				MARKETING_VERSION = 0.3.1;
				PRODUCT_BUNDLE_IDENTIFIER = com.aihecong.chatdemo;
				PRODUCT_NAME = "$(TARGET_NAME)";
				TARGETED_DEVICE_FAMILY = "1,2";
			};
			name = Debug;
		};
		AA10000000000000000000E5 /* Release */ = {
			isa = XCBuildConfiguration;
			buildSettings = {
				ASSETCATALOG_COMPILER_APPICON_NAME = AppIcon;
				CODE_SIGN_STYLE = Automatic;
				CURRENT_PROJECT_VERSION = 1;
				GENERATE_INFOPLIST_FILE = NO;
				INFOPLIST_FILE = Info.plist;
				LD_RUNPATH_SEARCH_PATHS = (
					"$(inherited)",
					"@executable_path/Frameworks",
				);
				MARKETING_VERSION = 0.3.1;
				PRODUCT_BUNDLE_IDENTIFIER = com.aihecong.chatdemo;
				PRODUCT_NAME = "$(TARGET_NAME)";
				TARGETED_DEVICE_FAMILY = "1,2";
			};
			name = Release;
		};
/* End XCBuildConfiguration section */

/* Begin XCConfigurationList section */
		AA10000000000000000000E0 /* Build configuration list for PBXProject "HecongChatDemo" */ = {
			isa = XCConfigurationList;
			buildConfigurations = (
				AA10000000000000000000E2 /* Debug */,
				AA10000000000000000000E3 /* Release */,
			);
			defaultConfigurationIsVisible = 0;
			defaultConfigurationName = Release;
		};
		AA10000000000000000000E1 /* Build configuration list for PBXNativeTarget "HecongChatDemo" */ = {
			isa = XCConfigurationList;
			buildConfigurations = (
				AA10000000000000000000E4 /* Debug */,
				AA10000000000000000000E5 /* Release */,
			);
			defaultConfigurationIsVisible = 0;
			defaultConfigurationName = Release;
		};
/* End XCConfigurationList section */

/* Begin XCRemoteSwiftPackageReference section */
		AA10000000000000000000C1 /* XCRemoteSwiftPackageReference "hecong-ios-sdk" */ = {
			isa = XCRemoteSwiftPackageReference;
			repositoryURL = "https://github.com/sandywk/hecong-ios-sdk";
			requirement = {
				kind = upToNextMajorVersion;
				minimumVersion = 0.3.1;
			};
		};
/* End XCRemoteSwiftPackageReference section */

/* Begin XCSwiftPackageProductDependency section */
		AA10000000000000000000C2 /* HecongChatSDK */ = {
			isa = XCSwiftPackageProductDependency;
			package = AA10000000000000000000C1 /* XCRemoteSwiftPackageReference "hecong-ios-sdk" */;
			productName = HecongChatSDK;
		};
/* End XCSwiftPackageProductDependency section */
	};
	rootObject = AA10000000000000000000F0 /* Project object */;
}
